{
  "name": "weasyprint-wrapper",
  "version": "0.1.0",
  "lockfileVersion": 1,
  "requires": true,
  "dependencies": {
    "slang": {
      "version": "0.3.0",
      "resolved": "https://registry.npmjs.org/slang/-/slang-0.3.0.tgz",
      "integrity": "sha1-E691tPDAGMaoGT1wT2WyO+T7q9w="
    }
  }
}
