{
  "name": "weasyprint-wrapper",
  "version": "0.1.2",
  "lockfileVersion": 2,
  "requires": true,
  "packages": {
    "": {
      "name": "weasyprint-wrapper",
      "version": "0.1.2",
      "license": "MIT",
      "engines": {
        "node": ">= 10.0.0",
        "npm": ">= 5.6.0"
      }
    }
  }
}
